
Microsoft Visual Studio Solution File, Format Version 12.00
Project("{FAE04EC0-301F-11D3-BF4B-00C04F79EFBC}") = "BC3K.Customers.Service", "BC3K.Customers.Service\BC3K.Customers.Service.csproj", "{1DAFFBCD-2D85-40F1-A490-99CE09BD2208}"
EndProject
Project("{FAE04EC0-301F-11D3-BF4B-00C04F79EFBC}") = "docker-compose", "docker-compose.dcproj", "{2181CA96-1175-4AF4-9D0A-6B3A10FA4C7D}"
EndProject
Global
	GlobalSection(SolutionConfigurationPlatforms) = preSolution
		Debug|Any CPU = Debug|Any CPU
		Release|Any CPU = Release|Any CPU
	EndGlobalSection
	GlobalSection(ProjectConfigurationPlatforms) = postSolution
		{1DAFFBCD-2D85-40F1-A490-99CE09BD2208}.Debug|Any CPU.ActiveCfg = Debug|Any CPU
		{1DAFFBCD-2D85-40F1-A490-99CE09BD2208}.Debug|Any CPU.Build.0 = Debug|Any CPU
		{1DAFFBCD-2D85-40F1-A490-99CE09BD2208}.Release|Any CPU.ActiveCfg = Release|Any CPU
		{1DAFFBCD-2D85-40F1-A490-99CE09BD2208}.Release|Any CPU.Build.0 = Release|Any CPU
	EndGlobalSection
EndGlobal
